
Microsoft Visual Studio Solution File, Format Version 12.00
Project("{FAE04EC0-301F-11D3-BF4B-00C04F79EFBC}") = "DomainMadeFunctional", "DomainMadeFunctional\DomainMadeFunctional.csproj", "{2A33A068-FABA-4348-93E5-A89B3FE75F58}"
EndProject
Global
	GlobalSection(SolutionConfigurationPlatforms) = preSolution
		Debug|Any CPU = Debug|Any CPU
		Release|Any CPU = Release|Any CPU
	EndGlobalSection
	GlobalSection(ProjectConfigurationPlatforms) = postSolution
		{2A33A068-FABA-4348-93E5-A89B3FE75F58}.Debug|Any CPU.ActiveCfg = Debug|Any CPU
		{2A33A068-FABA-4348-93E5-A89B3FE75F58}.Debug|Any CPU.Build.0 = Debug|Any CPU
		{2A33A068-FABA-4348-93E5-A89B3FE75F58}.Release|Any CPU.ActiveCfg = Release|Any CPU
		{2A33A068-FABA-4348-93E5-A89B3FE75F58}.Release|Any CPU.Build.0 = Release|Any CPU
	EndGlobalSection
EndGlobal
