
Microsoft Visual Studio Solution File, Format Version 12.00
Project("{FAE04EC0-301F-11D3-BF4B-00C04F79EFBC}") = "DomainMadeFunctional.Core", "DomainMadeFunctional.Core\DomainMadeFunctional.Core.csproj", "{2A33A068-FABA-4348-93E5-A89B3FE75F58}"
EndProject
Project("{FAE04EC0-301F-11D3-BF4B-00C04F79EFBC}") = "DomainMadeFunctional.Application", "DomainMadeFunctional.Application\DomainMadeFunctional.Application.csproj", "{7D644040-7B3D-467E-835F-F966D964613F}"
EndProject
Project("{FAE04EC0-301F-11D3-BF4B-00C04F79EFBC}") = "DomainMadeFunctional.Repository", "DomainMadeFunctional.Repository\DomainMadeFunctional.Repository.csproj", "{FE110E0C-DAF9-4F69-80BD-029FDE83BA8D}"
EndProject
Project("{FAE04EC0-301F-11D3-BF4B-00C04F79EFBC}") = "DomainMadeFunctional.Core.Test", "DomainMadeFunctional.Core.Test\DomainMadeFunctional.Core.Test.csproj", "{74BCA188-A1F5-4183-A6F0-769290195CD8}"
EndProject
Global
	GlobalSection(SolutionConfigurationPlatforms) = preSolution
		Debug|Any CPU = Debug|Any CPU
		Release|Any CPU = Release|Any CPU
	EndGlobalSection
	GlobalSection(ProjectConfigurationPlatforms) = postSolution
		{2A33A068-FABA-4348-93E5-A89B3FE75F58}.Debug|Any CPU.ActiveCfg = Debug|Any CPU
		{2A33A068-FABA-4348-93E5-A89B3FE75F58}.Debug|Any CPU.Build.0 = Debug|Any CPU
		{2A33A068-FABA-4348-93E5-A89B3FE75F58}.Release|Any CPU.ActiveCfg = Release|Any CPU
		{2A33A068-FABA-4348-93E5-A89B3FE75F58}.Release|Any CPU.Build.0 = Release|Any CPU
		{7D644040-7B3D-467E-835F-F966D964613F}.Debug|Any CPU.ActiveCfg = Debug|Any CPU
		{7D644040-7B3D-467E-835F-F966D964613F}.Debug|Any CPU.Build.0 = Debug|Any CPU
		{7D644040-7B3D-467E-835F-F966D964613F}.Release|Any CPU.ActiveCfg = Release|Any CPU
		{7D644040-7B3D-467E-835F-F966D964613F}.Release|Any CPU.Build.0 = Release|Any CPU
		{FE110E0C-DAF9-4F69-80BD-029FDE83BA8D}.Debug|Any CPU.ActiveCfg = Debug|Any CPU
		{FE110E0C-DAF9-4F69-80BD-029FDE83BA8D}.Debug|Any CPU.Build.0 = Debug|Any CPU
		{FE110E0C-DAF9-4F69-80BD-029FDE83BA8D}.Release|Any CPU.ActiveCfg = Release|Any CPU
		{FE110E0C-DAF9-4F69-80BD-029FDE83BA8D}.Release|Any CPU.Build.0 = Release|Any CPU
		{74BCA188-A1F5-4183-A6F0-769290195CD8}.Debug|Any CPU.ActiveCfg = Debug|Any CPU
		{74BCA188-A1F5-4183-A6F0-769290195CD8}.Debug|Any CPU.Build.0 = Debug|Any CPU
		{74BCA188-A1F5-4183-A6F0-769290195CD8}.Release|Any CPU.ActiveCfg = Release|Any CPU
		{74BCA188-A1F5-4183-A6F0-769290195CD8}.Release|Any CPU.Build.0 = Release|Any CPU
	EndGlobalSection
EndGlobal
